
Microsoft Visual Studio Solution File, Format Version 12.00
# Visual Studio Version 17
VisualStudioVersion = 17.14.36119.2 d17.14
MinimumVisualStudioVersion = 10.0.40219.1
Project("{FAE04EC0-301F-11D3-BF4B-00C04F79EFBC}") = "HashTool", "HashTool.csproj", "{22C205F6-ECEA-4CE2-A6FF-BD331ABF27C3}"
EndProject
Global
	GlobalSection(SolutionConfigurationPlatforms) = preSolution
		Debug|Any CPU = Debug|Any CPU
		Release|Any CPU = Release|Any CPU
	EndGlobalSection
	GlobalSection(ProjectConfigurationPlatforms) = postSolution
		{22C205F6-ECEA-4CE2-A6FF-BD331ABF27C3}.Debug|Any CPU.ActiveCfg = Debug|Any CPU
		{22C205F6-ECEA-4CE2-A6FF-BD331ABF27C3}.Debug|Any CPU.Build.0 = Debug|Any CPU
		{22C205F6-ECEA-4CE2-A6FF-BD331ABF27C3}.Release|Any CPU.ActiveCfg = Release|Any CPU
		{22C205F6-ECEA-4CE2-A6FF-BD331ABF27C3}.Release|Any CPU.Build.0 = Release|Any CPU
	EndGlobalSection
	GlobalSection(SolutionProperties) = preSolution
		HideSolutionNode = FALSE
	EndGlobalSection
	GlobalSection(ExtensibilityGlobals) = postSolution
		SolutionGuid = {67C79F8B-05DA-4B85-AF5F-2A71AA15B2B7}
	EndGlobalSection
EndGlobal
